
Microsoft Visual Studio Solution File, Format Version 12.00
# Visual Studio Version 17
VisualStudioVersion = 17.14.36518.9
MinimumVisualStudioVersion = 10.0.40219.1
Project("{2150E333-8FDC-42A3-9474-1A3956D46DE8}") = "Task0", "Task0", "{02EA681E-C7D8-13C7-8484-4AC65E1B71E8}"
EndProject
Project("{FAE04EC0-301F-11D3-BF4B-00C04F79EFBC}") = "Tyuiu.TumashenkinYA.Sprint3.Task0.V27.Test", "Tyuiu.TumashenkinYA.Sprint3.Task0.V27.Test\Tyuiu.TumashenkinYA.Sprint3.Task0.V27.Test.csproj", "{ED1AD3C1-6BAD-4A7E-A6C1-8990D86D497E}"
EndProject
Project("{FAE04EC0-301F-11D3-BF4B-00C04F79EFBC}") = "Tyuiu.TumashenkinYA.Sprint3.Task0.V27", "Tyuiu.TumashenkinYA.Sprint3.Task0.V27\Tyuiu.TumashenkinYA.Sprint3.Task0.V27.csproj", "{F5F2213D-B9FE-4F97-AADB-9211E8F6F6DE}"
EndProject
Project("{FAE04EC0-301F-11D3-BF4B-00C04F79EFBC}") = "Tyuiu.TumashenkinYA.Sprint3.Task0.V27.Lib", "Tyuiu.TumashenkinYA.Sprint3.Task0.V27.Lib\Tyuiu.TumashenkinYA.Sprint3.Task0.V27.Lib.csproj", "{4AA63BF5-E6F1-273B-DA3B-D16860E5BBEE}"
EndProject
Project("{2150E333-8FDC-42A3-9474-1A3956D46DE8}") = "Task1", "Task1", "{B04FB109-50BC-44D8-A292-2456AA198572}"
EndProject
Project("{FAE04EC0-301F-11D3-BF4B-00C04F79EFBC}") = "Tyuiu.TumashenkinYA.Sprint3.Task1.V23.Lib", "Tyuiu.TumashenkinYA.Sprint3.Task1.V23.Lib\Tyuiu.TumashenkinYA.Sprint3.Task1.V23.Lib.csproj", "{3DA03C10-E4D7-4155-9358-8920BB10F38E}"
EndProject
Project("{FAE04EC0-301F-11D3-BF4B-00C04F79EFBC}") = "Tyuiu.TumashenkinYA.Sprint3.Task1.V23", "Tyuiu.TumashenkinYA.Sprint3.Task1.V23\Tyuiu.TumashenkinYA.Sprint3.Task1.V23.csproj", "{57F06462-E209-4D10-8E9D-2D98ED2F6959}"
EndProject
Project("{FAE04EC0-301F-11D3-BF4B-00C04F79EFBC}") = "Tyuiu.TumashenkinYA.Sprint3.Task1.V23.Test", "Tyuiu.TumashenkinYA.Sprint3.Task1.V23.Test\Tyuiu.TumashenkinYA.Sprint3.Task1.V23.Test.csproj", "{E1DDF9F2-340A-6636-229F-F7133836D370}"
EndProject
Project("{2150E333-8FDC-42A3-9474-1A3956D46DE8}") = "Task2", "Task2", "{68B9005E-D7B4-44D7-AF27-744670A6467E}"
EndProject
Project("{FAE04EC0-301F-11D3-BF4B-00C04F79EFBC}") = "Tyuiu.TumashenkinYA.Sprint3.Task2.V19", "Tyuiu.TumashenkinYA.Sprint3.Task2.V19\Tyuiu.TumashenkinYA.Sprint3.Task2.V19.csproj", "{B116B40C-EAE3-4DB4-91DF-C7C4001C26F2}"
EndProject
Project("{FAE04EC0-301F-11D3-BF4B-00C04F79EFBC}") = "Tyuiu.TumashenkinYA.Sprint3.Task2.V19.Test", "Tyuiu.TumashenkinYA.Sprint3.Task2.V19.Test\Tyuiu.TumashenkinYA.Sprint3.Task2.V19.Test.csproj", "{EE36C38B-B798-4A4C-AFA1-AF8C230CAE5D}"
EndProject
Project("{FAE04EC0-301F-11D3-BF4B-00C04F79EFBC}") = "Tyuiu.TumashenkinYA.Sprint3.Task2.V19.Lib", "Tyuiu.TumashenkinYA.Sprint3.Task2.V19.Lib\Tyuiu.TumashenkinYA.Sprint3.Task2.V19.Lib.csproj", "{56EB007E-0203-4A89-AC72-933AE97F13D2}"
EndProject
Project("{2150E333-8FDC-42A3-9474-1A3956D46DE8}") = "Task3", "Task3", "{E5EA1566-F8DF-4D34-8E71-A41CD10BF039}"
EndProject
Project("{FAE04EC0-301F-11D3-BF4B-00C04F79EFBC}") = "Tyuiu.TumashenkinYA.Sprint3.Task3.V17", "Tyuiu.TumashenkinYA.Sprint3.Task3.V17\Tyuiu.TumashenkinYA.Sprint3.Task3.V17.csproj", "{7844F34F-DDA5-4837-841C-330305BBB6BD}"
EndProject
Project("{FAE04EC0-301F-11D3-BF4B-00C04F79EFBC}") = "Tyuiu.TumashenkinYA.Sprint3.Task3.V17.Lib", "Tyuiu.TumashenkinYA.Sprint3.Task3.V17.Lib\Tyuiu.TumashenkinYA.Sprint3.Task3.V17.Lib.csproj", "{D8CC445C-0A3D-4CF8-A46B-B0AEC8DE1F4F}"
EndProject
Project("{FAE04EC0-301F-11D3-BF4B-00C04F79EFBC}") = "Tyuiu.TumashenkinYA.Sprint3.Task3.V17.Test", "Tyuiu.TumashenkinYA.Sprint3.Task3.V17.Test\Tyuiu.TumashenkinYA.Sprint3.Task3.V17.Test.csproj", "{21996053-F91B-4F14-8799-7FA64433C1A7}"
EndProject
Project("{2150E333-8FDC-42A3-9474-1A3956D46DE8}") = "Task4", "Task4", "{9B5A7A96-B412-410F-8A3C-C9084ABE4B7E}"
EndProject
Project("{FAE04EC0-301F-11D3-BF4B-00C04F79EFBC}") = "Tyuiu.TumashenkinYA.Sprint3.Task4.V7", "Tyuiu.TumashenkinYA.Sprint3.Task4.V7\Tyuiu.TumashenkinYA.Sprint3.Task4.V7.csproj", "{2A0DBBEC-0B2A-411D-B6CB-E492980B24F2}"
EndProject
Project("{FAE04EC0-301F-11D3-BF4B-00C04F79EFBC}") = "Tyuiu.TumashenkinYA.Sprint3.Task4.V7.Test", "Tyuiu.TumashenkinYA.Sprint3.Task4.V7.Test\Tyuiu.TumashenkinYA.Sprint3.Task4.V7.Test.csproj", "{BB685502-6D8F-4CAD-8C7F-F9DD79C186C8}"
EndProject
Project("{FAE04EC0-301F-11D3-BF4B-00C04F79EFBC}") = "Tyuiu.TumashenkinYA.Sprint3.Task4.V7.Lib", "Tyuiu.TumashenkinYA.Sprint3.Task4.V7.Lib\Tyuiu.TumashenkinYA.Sprint3.Task4.V7.Lib.csproj", "{06A265BC-27E8-4DC1-BDC1-C0DEB13ED63F}"
EndProject
Project("{2150E333-8FDC-42A3-9474-1A3956D46DE8}") = "Task5", "Task5", "{74F72E7C-6D2E-4F77-9401-165FA2590E0D}"
EndProject
Project("{FAE04EC0-301F-11D3-BF4B-00C04F79EFBC}") = "Tyuiu.TumashenkinYA.Sprint3.Task5.V16", "Tyuiu.TumashenkinYA.Sprint3.Task5.V16\Tyuiu.TumashenkinYA.Sprint3.Task5.V16.csproj", "{E0A78E12-13EF-4974-95D3-D6FC3010E17E}"
EndProject
Project("{FAE04EC0-301F-11D3-BF4B-00C04F79EFBC}") = "Tyuiu.TumashenkinYA.Sprint3.Task5.V16.Lib", "Tyuiu.TumashenkinYA.Sprint3.Task5.V16.Lib\Tyuiu.TumashenkinYA.Sprint3.Task5.V16.Lib.csproj", "{EEB8E236-2C10-43A3-BF78-21C649212D5A}"
EndProject
Project("{FAE04EC0-301F-11D3-BF4B-00C04F79EFBC}") = "Tyuiu.TumashenkinYA.Sprint3.Task5.V16.Test", "Tyuiu.TumashenkinYA.Sprint3.Task5.V16.Test\Tyuiu.TumashenkinYA.Sprint3.Task5.V16.Test.csproj", "{55204111-432A-4516-9026-EEBD415FB85E}"
EndProject
Project("{2150E333-8FDC-42A3-9474-1A3956D46DE8}") = "Task6", "Task6", "{11B389D1-2C6C-4145-BC5D-0E8D31F66A9C}"
EndProject
Project("{FAE04EC0-301F-11D3-BF4B-00C04F79EFBC}") = "Tyuiu.TumashenkinYA.Sprint3.Task6.V1", "Tyuiu.TumashenkinYA.Sprint3.Task6.V1\Tyuiu.TumashenkinYA.Sprint3.Task6.V1.csproj", "{0F3A2CD8-823F-4818-B481-7D737BB3EBAE}"
EndProject
Project("{FAE04EC0-301F-11D3-BF4B-00C04F79EFBC}") = "Tyuiu.TumashenkinYA.Sprint3.Task6.V1.Lib", "Tyuiu.TumashenkinYA.Sprint3.Task6.V1.Lib\Tyuiu.TumashenkinYA.Sprint3.Task6.V1.Lib.csproj", "{3CED1AE2-EA3D-4122-8935-990AF1FC470C}"
EndProject
Project("{FAE04EC0-301F-11D3-BF4B-00C04F79EFBC}") = "Tyuiu.TumashenkinYA.Sprint3.Task6.V1.Test", "Tyuiu.TumashenkinYA.Sprint3.Task6.V1.Test\Tyuiu.TumashenkinYA.Sprint3.Task6.V1.Test.csproj", "{FF80FCB6-FFDA-46B9-B202-B6B909FF29F2}"
EndProject
Project("{2150E333-8FDC-42A3-9474-1A3956D46DE8}") = "Task7", "Task7", "{175DC616-8CAF-421E-B9AB-6CCDC18CC76E}"
EndProject
Project("{FAE04EC0-301F-11D3-BF4B-00C04F79EFBC}") = "Tyuiu.TumashenkinYA.Sprint3.Task7.V28", "Tyuiu.TumashenkinYA.Sprint3.Task7.V28\Tyuiu.TumashenkinYA.Sprint3.Task7.V28.csproj", "{700952B1-4726-4618-975F-E1BB2A062F31}"
EndProject
Project("{FAE04EC0-301F-11D3-BF4B-00C04F79EFBC}") = "Tyuiu.TumashenkinYA.Sprint3.Task7.V28.Lib", "Tyuiu.TumashenkinYA.Sprint3.Task7.V28.Lib\Tyuiu.TumashenkinYA.Sprint3.Task7.V28.Lib.csproj", "{C6C8EF33-948F-4896-A9BA-9DF027D8E97A}"
EndProject
Project("{FAE04EC0-301F-11D3-BF4B-00C04F79EFBC}") = "Tyuiu.TumashenkinYA.Sprint3.Task7.V28.Test", "Tyuiu.TumashenkinYA.Sprint3.Task7.V28.Test\Tyuiu.TumashenkinYA.Sprint3.Task7.V28.Test.csproj", "{6A17EB84-8BBC-4911-A26A-ADB498EA976A}"
EndProject
Global
	GlobalSection(SolutionConfigurationPlatforms) = preSolution
		Debug|Any CPU = Debug|Any CPU
		Release|Any CPU = Release|Any CPU
	EndGlobalSection
	GlobalSection(ProjectConfigurationPlatforms) = postSolution
		{ED1AD3C1-6BAD-4A7E-A6C1-8990D86D497E}.Debug|Any CPU.ActiveCfg = Debug|Any CPU
		{ED1AD3C1-6BAD-4A7E-A6C1-8990D86D497E}.Debug|Any CPU.Build.0 = Debug|Any CPU
		{ED1AD3C1-6BAD-4A7E-A6C1-8990D86D497E}.Release|Any CPU.ActiveCfg = Release|Any CPU
		{ED1AD3C1-6BAD-4A7E-A6C1-8990D86D497E}.Release|Any CPU.Build.0 = Release|Any CPU
		{F5F2213D-B9FE-4F97-AADB-9211E8F6F6DE}.Debug|Any CPU.ActiveCfg = Debug|Any CPU
		{F5F2213D-B9FE-4F97-AADB-9211E8F6F6DE}.Debug|Any CPU.Build.0 = Debug|Any CPU
		{F5F2213D-B9FE-4F97-AADB-9211E8F6F6DE}.Release|Any CPU.ActiveCfg = Release|Any CPU
		{F5F2213D-B9FE-4F97-AADB-9211E8F6F6DE}.Release|Any CPU.Build.0 = Release|Any CPU
		{4AA63BF5-E6F1-273B-DA3B-D16860E5BBEE}.Debug|Any CPU.ActiveCfg = Debug|Any CPU
		{4AA63BF5-E6F1-273B-DA3B-D16860E5BBEE}.Debug|Any CPU.Build.0 = Debug|Any CPU
		{4AA63BF5-E6F1-273B-DA3B-D16860E5BBEE}.Release|Any CPU.ActiveCfg = Release|Any CPU
		{4AA63BF5-E6F1-273B-DA3B-D16860E5BBEE}.Release|Any CPU.Build.0 = Release|Any CPU
		{3DA03C10-E4D7-4155-9358-8920BB10F38E}.Debug|Any CPU.ActiveCfg = Debug|Any CPU
		{3DA03C10-E4D7-4155-9358-8920BB10F38E}.Debug|Any CPU.Build.0 = Debug|Any CPU
		{3DA03C10-E4D7-4155-9358-8920BB10F38E}.Release|Any CPU.ActiveCfg = Release|Any CPU
		{3DA03C10-E4D7-4155-9358-8920BB10F38E}.Release|Any CPU.Build.0 = Release|Any CPU
		{57F06462-E209-4D10-8E9D-2D98ED2F6959}.Debug|Any CPU.ActiveCfg = Debug|Any CPU
		{57F06462-E209-4D10-8E9D-2D98ED2F6959}.Debug|Any CPU.Build.0 = Debug|Any CPU
		{57F06462-E209-4D10-8E9D-2D98ED2F6959}.Release|Any CPU.ActiveCfg = Release|Any CPU
		{57F06462-E209-4D10-8E9D-2D98ED2F6959}.Release|Any CPU.Build.0 = Release|Any CPU
		{E1DDF9F2-340A-6636-229F-F7133836D370}.Debug|Any CPU.ActiveCfg = Debug|Any CPU
		{E1DDF9F2-340A-6636-229F-F7133836D370}.Debug|Any CPU.Build.0 = Debug|Any CPU
		{E1DDF9F2-340A-6636-229F-F7133836D370}.Release|Any CPU.ActiveCfg = Release|Any CPU
		{E1DDF9F2-340A-6636-229F-F7133836D370}.Release|Any CPU.Build.0 = Release|Any CPU
		{B116B40C-EAE3-4DB4-91DF-C7C4001C26F2}.Debug|Any CPU.ActiveCfg = Debug|Any CPU
		{B116B40C-EAE3-4DB4-91DF-C7C4001C26F2}.Debug|Any CPU.Build.0 = Debug|Any CPU
		{B116B40C-EAE3-4DB4-91DF-C7C4001C26F2}.Release|Any CPU.ActiveCfg = Release|Any CPU
		{B116B40C-EAE3-4DB4-91DF-C7C4001C26F2}.Release|Any CPU.Build.0 = Release|Any CPU
		{EE36C38B-B798-4A4C-AFA1-AF8C230CAE5D}.Debug|Any CPU.ActiveCfg = Debug|Any CPU
		{EE36C38B-B798-4A4C-AFA1-AF8C230CAE5D}.Debug|Any CPU.Build.0 = Debug|Any CPU
		{EE36C38B-B798-4A4C-AFA1-AF8C230CAE5D}.Release|Any CPU.ActiveCfg = Release|Any CPU
		{EE36C38B-B798-4A4C-AFA1-AF8C230CAE5D}.Release|Any CPU.Build.0 = Release|Any CPU
		{56EB007E-0203-4A89-AC72-933AE97F13D2}.Debug|Any CPU.ActiveCfg = Debug|Any CPU
		{56EB007E-0203-4A89-AC72-933AE97F13D2}.Debug|Any CPU.Build.0 = Debug|Any CPU
		{56EB007E-0203-4A89-AC72-933AE97F13D2}.Release|Any CPU.ActiveCfg = Release|Any CPU
		{56EB007E-0203-4A89-AC72-933AE97F13D2}.Release|Any CPU.Build.0 = Release|Any CPU
		{7844F34F-DDA5-4837-841C-330305BBB6BD}.Debug|Any CPU.ActiveCfg = Debug|Any CPU
		{7844F34F-DDA5-4837-841C-330305BBB6BD}.Debug|Any CPU.Build.0 = Debug|Any CPU
		{7844F34F-DDA5-4837-841C-330305BBB6BD}.Release|Any CPU.ActiveCfg = Release|Any CPU
		{7844F34F-DDA5-4837-841C-330305BBB6BD}.Release|Any CPU.Build.0 = Release|Any CPU
		{D8CC445C-0A3D-4CF8-A46B-B0AEC8DE1F4F}.Debug|Any CPU.ActiveCfg = Debug|Any CPU
		{D8CC445C-0A3D-4CF8-A46B-B0AEC8DE1F4F}.Debug|Any CPU.Build.0 = Debug|Any CPU
		{D8CC445C-0A3D-4CF8-A46B-B0AEC8DE1F4F}.Release|Any CPU.ActiveCfg = Release|Any CPU
		{D8CC445C-0A3D-4CF8-A46B-B0AEC8DE1F4F}.Release|Any CPU.Build.0 = Release|Any CPU
		{21996053-F91B-4F14-8799-7FA64433C1A7}.Debug|Any CPU.ActiveCfg = Debug|Any CPU
		{21996053-F91B-4F14-8799-7FA64433C1A7}.Debug|Any CPU.Build.0 = Debug|Any CPU
		{21996053-F91B-4F14-8799-7FA64433C1A7}.Release|Any CPU.ActiveCfg = Release|Any CPU
		{21996053-F91B-4F14-8799-7FA64433C1A7}.Release|Any CPU.Build.0 = Release|Any CPU
		{2A0DBBEC-0B2A-411D-B6CB-E492980B24F2}.Debug|Any CPU.ActiveCfg = Debug|Any CPU
		{2A0DBBEC-0B2A-411D-B6CB-E492980B24F2}.Debug|Any CPU.Build.0 = Debug|Any CPU
		{2A0DBBEC-0B2A-411D-B6CB-E492980B24F2}.Release|Any CPU.ActiveCfg = Release|Any CPU
		{2A0DBBEC-0B2A-411D-B6CB-E492980B24F2}.Release|Any CPU.Build.0 = Release|Any CPU
		{BB685502-6D8F-4CAD-8C7F-F9DD79C186C8}.Debug|Any CPU.ActiveCfg = Debug|Any CPU
		{BB685502-6D8F-4CAD-8C7F-F9DD79C186C8}.Debug|Any CPU.Build.0 = Debug|Any CPU
		{BB685502-6D8F-4CAD-8C7F-F9DD79C186C8}.Release|Any CPU.ActiveCfg = Release|Any CPU
		{BB685502-6D8F-4CAD-8C7F-F9DD79C186C8}.Release|Any CPU.Build.0 = Release|Any CPU
		{06A265BC-27E8-4DC1-BDC1-C0DEB13ED63F}.Debug|Any CPU.ActiveCfg = Debug|Any CPU
		{06A265BC-27E8-4DC1-BDC1-C0DEB13ED63F}.Debug|Any CPU.Build.0 = Debug|Any CPU
		{06A265BC-27E8-4DC1-BDC1-C0DEB13ED63F}.Release|Any CPU.ActiveCfg = Release|Any CPU
		{06A265BC-27E8-4DC1-BDC1-C0DEB13ED63F}.Release|Any CPU.Build.0 = Release|Any CPU
		{E0A78E12-13EF-4974-95D3-D6FC3010E17E}.Debug|Any CPU.ActiveCfg = Debug|Any CPU
		{E0A78E12-13EF-4974-95D3-D6FC3010E17E}.Debug|Any CPU.Build.0 = Debug|Any CPU
		{E0A78E12-13EF-4974-95D3-D6FC3010E17E}.Release|Any CPU.ActiveCfg = Release|Any CPU
		{E0A78E12-13EF-4974-95D3-D6FC3010E17E}.Release|Any CPU.Build.0 = Release|Any CPU
		{EEB8E236-2C10-43A3-BF78-21C649212D5A}.Debug|Any CPU.ActiveCfg = Debug|Any CPU
		{EEB8E236-2C10-43A3-BF78-21C649212D5A}.Debug|Any CPU.Build.0 = Debug|Any CPU
		{EEB8E236-2C10-43A3-BF78-21C649212D5A}.Release|Any CPU.ActiveCfg = Release|Any CPU
		{EEB8E236-2C10-43A3-BF78-21C649212D5A}.Release|Any CPU.Build.0 = Release|Any CPU
		{55204111-432A-4516-9026-EEBD415FB85E}.Debug|Any CPU.ActiveCfg = Debug|Any CPU
		{55204111-432A-4516-9026-EEBD415FB85E}.Debug|Any CPU.Build.0 = Debug|Any CPU
		{55204111-432A-4516-9026-EEBD415FB85E}.Release|Any CPU.ActiveCfg = Release|Any CPU
		{55204111-432A-4516-9026-EEBD415FB85E}.Release|Any CPU.Build.0 = Release|Any CPU
		{0F3A2CD8-823F-4818-B481-7D737BB3EBAE}.Debug|Any CPU.ActiveCfg = Debug|Any CPU
		{0F3A2CD8-823F-4818-B481-7D737BB3EBAE}.Debug|Any CPU.Build.0 = Debug|Any CPU
		{0F3A2CD8-823F-4818-B481-7D737BB3EBAE}.Release|Any CPU.ActiveCfg = Release|Any CPU
		{0F3A2CD8-823F-4818-B481-7D737BB3EBAE}.Release|Any CPU.Build.0 = Release|Any CPU
		{3CED1AE2-EA3D-4122-8935-990AF1FC470C}.Debug|Any CPU.ActiveCfg = Debug|Any CPU
		{3CED1AE2-EA3D-4122-8935-990AF1FC470C}.Debug|Any CPU.Build.0 = Debug|Any CPU
		{3CED1AE2-EA3D-4122-8935-990AF1FC470C}.Release|Any CPU.ActiveCfg = Release|Any CPU
		{3CED1AE2-EA3D-4122-8935-990AF1FC470C}.Release|Any CPU.Build.0 = Release|Any CPU
		{FF80FCB6-FFDA-46B9-B202-B6B909FF29F2}.Debug|Any CPU.ActiveCfg = Debug|Any CPU
		{FF80FCB6-FFDA-46B9-B202-B6B909FF29F2}.Debug|Any CPU.Build.0 = Debug|Any CPU
		{FF80FCB6-FFDA-46B9-B202-B6B909FF29F2}.Release|Any CPU.ActiveCfg = Release|Any CPU
		{FF80FCB6-FFDA-46B9-B202-B6B909FF29F2}.Release|Any CPU.Build.0 = Release|Any CPU
		{700952B1-4726-4618-975F-E1BB2A062F31}.Debug|Any CPU.ActiveCfg = Debug|Any CPU
		{700952B1-4726-4618-975F-E1BB2A062F31}.Debug|Any CPU.Build.0 = Debug|Any CPU
		{700952B1-4726-4618-975F-E1BB2A062F31}.Release|Any CPU.ActiveCfg = Release|Any CPU
		{700952B1-4726-4618-975F-E1BB2A062F31}.Release|Any CPU.Build.0 = Release|Any CPU
		{C6C8EF33-948F-4896-A9BA-9DF027D8E97A}.Debug|Any CPU.ActiveCfg = Debug|Any CPU
		{C6C8EF33-948F-4896-A9BA-9DF027D8E97A}.Debug|Any CPU.Build.0 = Debug|Any CPU
		{C6C8EF33-948F-4896-A9BA-9DF027D8E97A}.Release|Any CPU.ActiveCfg = Release|Any CPU
		{C6C8EF33-948F-4896-A9BA-9DF027D8E97A}.Release|Any CPU.Build.0 = Release|Any CPU
		{6A17EB84-8BBC-4911-A26A-ADB498EA976A}.Debug|Any CPU.ActiveCfg = Debug|Any CPU
		{6A17EB84-8BBC-4911-A26A-ADB498EA976A}.Debug|Any CPU.Build.0 = Debug|Any CPU
		{6A17EB84-8BBC-4911-A26A-ADB498EA976A}.Release|Any CPU.ActiveCfg = Release|Any CPU
		{6A17EB84-8BBC-4911-A26A-ADB498EA976A}.Release|Any CPU.Build.0 = Release|Any CPU
	EndGlobalSection
	GlobalSection(SolutionProperties) = preSolution
		HideSolutionNode = FALSE
	EndGlobalSection
	GlobalSection(NestedProjects) = preSolution
		{ED1AD3C1-6BAD-4A7E-A6C1-8990D86D497E} = {02EA681E-C7D8-13C7-8484-4AC65E1B71E8}
		{F5F2213D-B9FE-4F97-AADB-9211E8F6F6DE} = {02EA681E-C7D8-13C7-8484-4AC65E1B71E8}
		{4AA63BF5-E6F1-273B-DA3B-D16860E5BBEE} = {02EA681E-C7D8-13C7-8484-4AC65E1B71E8}
		{3DA03C10-E4D7-4155-9358-8920BB10F38E} = {B04FB109-50BC-44D8-A292-2456AA198572}
		{57F06462-E209-4D10-8E9D-2D98ED2F6959} = {B04FB109-50BC-44D8-A292-2456AA198572}
		{E1DDF9F2-340A-6636-229F-F7133836D370} = {B04FB109-50BC-44D8-A292-2456AA198572}
		{B116B40C-EAE3-4DB4-91DF-C7C4001C26F2} = {68B9005E-D7B4-44D7-AF27-744670A6467E}
		{EE36C38B-B798-4A4C-AFA1-AF8C230CAE5D} = {68B9005E-D7B4-44D7-AF27-744670A6467E}
		{56EB007E-0203-4A89-AC72-933AE97F13D2} = {68B9005E-D7B4-44D7-AF27-744670A6467E}
		{7844F34F-DDA5-4837-841C-330305BBB6BD} = {E5EA1566-F8DF-4D34-8E71-A41CD10BF039}
		{D8CC445C-0A3D-4CF8-A46B-B0AEC8DE1F4F} = {E5EA1566-F8DF-4D34-8E71-A41CD10BF039}
		{21996053-F91B-4F14-8799-7FA64433C1A7} = {E5EA1566-F8DF-4D34-8E71-A41CD10BF039}
		{2A0DBBEC-0B2A-411D-B6CB-E492980B24F2} = {9B5A7A96-B412-410F-8A3C-C9084ABE4B7E}
		{BB685502-6D8F-4CAD-8C7F-F9DD79C186C8} = {9B5A7A96-B412-410F-8A3C-C9084ABE4B7E}
		{06A265BC-27E8-4DC1-BDC1-C0DEB13ED63F} = {9B5A7A96-B412-410F-8A3C-C9084ABE4B7E}
		{E0A78E12-13EF-4974-95D3-D6FC3010E17E} = {74F72E7C-6D2E-4F77-9401-165FA2590E0D}
		{EEB8E236-2C10-43A3-BF78-21C649212D5A} = {74F72E7C-6D2E-4F77-9401-165FA2590E0D}
		{55204111-432A-4516-9026-EEBD415FB85E} = {74F72E7C-6D2E-4F77-9401-165FA2590E0D}
		{0F3A2CD8-823F-4818-B481-7D737BB3EBAE} = {11B389D1-2C6C-4145-BC5D-0E8D31F66A9C}
		{3CED1AE2-EA3D-4122-8935-990AF1FC470C} = {11B389D1-2C6C-4145-BC5D-0E8D31F66A9C}
		{FF80FCB6-FFDA-46B9-B202-B6B909FF29F2} = {11B389D1-2C6C-4145-BC5D-0E8D31F66A9C}
		{700952B1-4726-4618-975F-E1BB2A062F31} = {175DC616-8CAF-421E-B9AB-6CCDC18CC76E}
		{C6C8EF33-948F-4896-A9BA-9DF027D8E97A} = {175DC616-8CAF-421E-B9AB-6CCDC18CC76E}
		{6A17EB84-8BBC-4911-A26A-ADB498EA976A} = {175DC616-8CAF-421E-B9AB-6CCDC18CC76E}
	EndGlobalSection
	GlobalSection(ExtensibilityGlobals) = postSolution
		SolutionGuid = {5B32E0EF-11ED-4506-B2FF-F13AEAEE9B04}
	EndGlobalSection
EndGlobal
